{
	"name": "@report-toolkit/diff",
	"version": "0.6.1",
	"lockfileVersion": 1,
	"requires": true,
	"dependencies": {
		"@report-toolkit/common": {
			"version": "0.6.1",
			"resolved": "https://registry.npmjs.org/@report-toolkit/common/-/common-0.6.1.tgz",
			"integrity": "sha512-x6yl/DCll4OEXjT4vBv/v8+6yq8fhmHJAkGQ1qo/JAZELdsD78/tEGl4aithiWKb++Hr2jBWCPZMfCZBsw91LQ==",
			"requires": {
				"debug": "^4.3.1",
				"kleur": "^3.0.3",
				"lodash": "^4.17.20",
				"p-is-promise": "^3.0.0",
				"rxjs": "^6.6.3",
				"traverse": "^0.6.6"
			}
		},
		"debug": {
			"version": "4.3.1",
			"resolved": "https://registry.npmjs.org/debug/-/debug-4.3.1.tgz",
			"integrity": "sha512-doEwdvm4PCeK4K3RQN2ZC2BYUBaxwLARCqZmMjtF8a51J2Rb0xpVloFRnCODwqjpwnAoao4pelN8l3RJdv3gRQ==",
			"requires": {
				"ms": "2.1.2"
			}
		},
		"json-ptr": {
			"version": "2.1.0",
			"resolved": "https://registry.npmjs.org/json-ptr/-/json-ptr-2.1.0.tgz",
			"integrity": "sha512-dcjfEj415rJ9i/UcQ/qwrd7NJYruTJMtWwwsM7ZRjJes98kMQYZDqnSXigNe7vVHiZ1RATbR0RbihOQ5xxDYEg==",
			"requires": {
				"tslib": "^2.2.0"
			},
			"dependencies": {
				"tslib": {
					"version": "2.2.0",
					"resolved": "https://registry.npmjs.org/tslib/-/tslib-2.2.0.tgz",
					"integrity": "sha512-gS9GVHRU+RGn5KQM2rllAlR3dU6m7AcpJKdtH8gFvQiC4Otgk98XnmMU+nZenHt/+VhnBPWwgrJsyrdcw6i23w=="
				}
			}
		},
		"kleur": {
			"version": "3.0.3",
			"resolved": "https://registry.npmjs.org/kleur/-/kleur-3.0.3.tgz",
			"integrity": "sha512-eTIzlVOSUR+JxdDFepEYcBMtZ9Qqdef+rnzWdRZuMbOywu5tO2w2N7rqjoANZ5k9vywhL6Br1VRjUIgTQx4E8w=="
		},
		"lodash": {
			"version": "4.17.21",
			"resolved": "https://registry.npmjs.org/lodash/-/lodash-4.17.21.tgz",
			"integrity": "sha512-v2kDEe57lecTulaDIuNTPy3Ry4gLGJ6Z1O3vE1krgXZNrsQ+LFTGHVxVjcXPs17LhbZVGedAJv8XZ1tvj5FvSg=="
		},
		"ms": {
			"version": "2.1.2",
			"resolved": "https://registry.npmjs.org/ms/-/ms-2.1.2.tgz",
			"integrity": "sha512-sGkPx+VjMtmA6MX27oA4FBFELFCZZ4S4XqeGOXCv68tT+jb3vk/RyaKWP0PTKyWtmLSM0b+adUTEvbs1PEaH2w=="
		},
		"p-is-promise": {
			"version": "3.0.0",
			"resolved": "https://registry.npmjs.org/p-is-promise/-/p-is-promise-3.0.0.tgz",
			"integrity": "sha512-Wo8VsW4IRQSKVXsJCn7TomUaVtyfjVDn3nUP7kE967BQk0CwFpdbZs0X0uk5sW9mkBa9eNM7hCMaG93WUAwxYQ=="
		},
		"rfc6902": {
			"version": "3.1.1",
			"resolved": "https://registry.npmjs.org/rfc6902/-/rfc6902-3.1.1.tgz",
			"integrity": "sha512-aHiEm2S4mQSyyIaK7NVotfmVkgOOn1K9iuuSCIKJ8eIAte/8o06Vp06Z2NcLrmMahDmA+2F6oHx33P4NOQ1JnQ=="
		},
		"rxjs": {
			"version": "6.6.7",
			"resolved": "https://registry.npmjs.org/rxjs/-/rxjs-6.6.7.tgz",
			"integrity": "sha512-hTdwr+7yYNIT5n4AMYp85KA6yw2Va0FLa3Rguvbpa4W3I5xynaBZo41cM3XM+4Q6fRMj3sBYIR1VAmZMXYJvRQ==",
			"requires": {
				"tslib": "^1.9.0"
			}
		},
		"traverse": {
			"version": "0.6.6",
			"resolved": "https://registry.npmjs.org/traverse/-/traverse-0.6.6.tgz",
			"integrity": "sha1-y99WD9e5r2MlAv7UD5GMFX6pcTc="
		},
		"tslib": {
			"version": "1.14.1",
			"resolved": "https://registry.npmjs.org/tslib/-/tslib-1.14.1.tgz",
			"integrity": "sha512-Xni35NKzjgMrwevysHTCArtLDpPvye8zV/0E4EyYn43P7/7qvQwPh9BGkHewbMulVntbigmcT7rdX3BNo9wRJg=="
		}
	}
}
