{
	"name": "@report-toolkit/diff",
	"version": "0.0.0",
	"lockfileVersion": 1,
	"requires": true,
	"dependencies": {
		"json-ptr": {
			"version": "1.1.2",
			"resolved": "https://registry.npmjs.org/json-ptr/-/json-ptr-1.1.2.tgz",
			"integrity": "sha512-XBEkso0S0K1+AlTKXTfGhVPTkFgSGoPcd+ssFlg/vShvNROfvxnLlfeyXgziSgV26Yz0cN5+TVn8ANlC8+QM9w=="
		},
		"rfc6902": {
			"version": "3.0.4",
			"resolved": "https://registry.npmjs.org/rfc6902/-/rfc6902-3.0.4.tgz",
			"integrity": "sha512-OnzreaZXrwT5w2ikKXWr5QcuI7NZpL+J3hIkAwozjOnKVUL7fPsB8Vcmu8YBiiou1/r3V0Jc0T1uQDyfAPvLzA=="
		}
	}
}
