{
	"name": "@report-toolkit/diff",
	"version": "0.5.1",
	"lockfileVersion": 1,
	"requires": true,
	"dependencies": {
		"json-ptr": {
			"version": "1.2.0",
			"resolved": "https://registry.npmjs.org/json-ptr/-/json-ptr-1.2.0.tgz",
			"integrity": "sha512-wkqozzmmyu+vtazHF11uvIDbLsgkE4juY41QoXgKYSy166KQalyc72PqveII21f8UWKtYN7btUXg16vya+9xnw=="
		},
		"rfc6902": {
			"version": "3.0.4",
			"resolved": "https://registry.npmjs.org/rfc6902/-/rfc6902-3.0.4.tgz",
			"integrity": "sha512-OnzreaZXrwT5w2ikKXWr5QcuI7NZpL+J3hIkAwozjOnKVUL7fPsB8Vcmu8YBiiou1/r3V0Jc0T1uQDyfAPvLzA=="
		}
	}
}
