{
	"name": "@report-toolkit/transformers",
	"version": "0.5.1",
	"lockfileVersion": 1,
	"requires": true,
	"dependencies": {
		"ansi-regex": {
			"version": "3.0.0",
			"resolved": "https://registry.npmjs.org/ansi-regex/-/ansi-regex-3.0.0.tgz",
			"integrity": "sha1-7QMXwyIGT3lGbAKWa922Bas32Zg="
		},
		"ansi-styles": {
			"version": "4.0.0",
			"resolved": "https://registry.npmjs.org/ansi-styles/-/ansi-styles-4.0.0.tgz",
			"integrity": "sha512-8zjUtFJ3db/QoPXuuEMloS2AUf79/yeyttJ7Abr3hteopJu9HK8vsgGviGUMq+zyA6cZZO6gAyZoMTF6TgaEjA==",
			"requires": {
				"color-convert": "^2.0.0"
			}
		},
		"cli-table3": {
			"version": "0.5.1",
			"resolved": "https://registry.npmjs.org/cli-table3/-/cli-table3-0.5.1.tgz",
			"integrity": "sha512-7Qg2Jrep1S/+Q3EceiZtQcDPWxhAvBw+ERf1162v4sikJrvojMHFqXt8QIVha8UlH9rgU0BeWPytZ9/TzYqlUw==",
			"requires": {
				"colors": "^1.1.2",
				"object-assign": "^4.1.0",
				"string-width": "^2.1.1"
			}
		},
		"color-convert": {
			"version": "2.0.0",
			"resolved": "https://registry.npmjs.org/color-convert/-/color-convert-2.0.0.tgz",
			"integrity": "sha512-hzTicsCJIHdxih9+2aLR1tNGZX5qSJGRHDPVwSY26tVrEf55XNajLOBWz2UuWSIergszA09/bqnOiHyqx9fxQg==",
			"requires": {
				"color-name": "~1.1.4"
			}
		},
		"color-name": {
			"version": "1.1.4",
			"resolved": "https://registry.npmjs.org/color-name/-/color-name-1.1.4.tgz",
			"integrity": "sha512-dOy+3AuW3a2wNbZHIuMZpTcgjGuLU/uBL/ubcZF9OXbDo8ff4O8yVp5Bf0efS8uEoYo5q4Fx7dY9OgQGXgAsQA=="
		},
		"colors": {
			"version": "1.3.3",
			"resolved": "https://registry.npmjs.org/colors/-/colors-1.3.3.tgz",
			"integrity": "sha512-mmGt/1pZqYRjMxB1axhTo16/snVZ5krrKkcmMeVKxzECMMXoCgnvTPp10QgHfcbQZw8Dq2jMNG6je4JlWU0gWg==",
			"optional": true
		},
		"commander": {
			"version": "2.20.0",
			"resolved": "https://registry.npmjs.org/commander/-/commander-2.20.0.tgz",
			"integrity": "sha512-7j2y+40w61zy6YC2iRNpUe/NwhNyoXrYpHMrSunaMG64nRnaf96zO/KMQR4OyN/UnE5KLyEBnKHd4aG3rskjpQ=="
		},
		"emoji-regex": {
			"version": "8.0.0",
			"resolved": "https://registry.npmjs.org/emoji-regex/-/emoji-regex-8.0.0.tgz",
			"integrity": "sha512-MSjYzcWNOA0ewAHpz0MxpYFvwg6yjy1NG3xteoqz644VCo/RPgnr1/GGt+ic3iJTzQ8Eu3TdM14SawnVUmGE6A=="
		},
		"fast-safe-stringify": {
			"version": "2.0.6",
			"resolved": "https://registry.npmjs.org/fast-safe-stringify/-/fast-safe-stringify-2.0.6.tgz",
			"integrity": "sha512-q8BZ89jjc+mz08rSxROs8VsrBBcn1SIw1kq9NjolL509tkABRk9io01RAjSaEv1Xb2uFLt8VtRiZbGp5H8iDtg=="
		},
		"hash.js": {
			"version": "1.1.7",
			"resolved": "https://registry.npmjs.org/hash.js/-/hash.js-1.1.7.tgz",
			"integrity": "sha512-taOaskGt4z4SOANNseOviYDvjEJinIkRgmp7LbKP2YTTmVxWBl87s/uzK9r+44BclBSp2X7K1hqeNfz9JbBeXA==",
			"requires": {
				"inherits": "^2.0.3",
				"minimalistic-assert": "^1.0.1"
			}
		},
		"inherits": {
			"version": "2.0.4",
			"resolved": "https://registry.npmjs.org/inherits/-/inherits-2.0.4.tgz",
			"integrity": "sha512-k/vGaX4/Yla3WzyMCvTQOXYeIHvqOKtnqBduzTHpzpQZzAskKMhZ2K+EnBiSM9zGSoIFeMpXKxa4dYeZIQqewQ=="
		},
		"is-fullwidth-code-point": {
			"version": "2.0.0",
			"resolved": "https://registry.npmjs.org/is-fullwidth-code-point/-/is-fullwidth-code-point-2.0.0.tgz",
			"integrity": "sha1-o7MKXE8ZkYMWeqq5O+764937ZU8="
		},
		"json2csv": {
			"version": "4.5.2",
			"resolved": "https://registry.npmjs.org/json2csv/-/json2csv-4.5.2.tgz",
			"integrity": "sha512-Te2Knce3VfLKyurH3AolM6Y781ZE+R3jQ+0YQ0HYLiubyicST/19vML24e1dpScaaEQb+1Q1t5IcGXr6esM9Lw==",
			"requires": {
				"commander": "^2.15.1",
				"jsonparse": "^1.3.1",
				"lodash.get": "^4.4.2"
			}
		},
		"jsonparse": {
			"version": "1.3.1",
			"resolved": "https://registry.npmjs.org/jsonparse/-/jsonparse-1.3.1.tgz",
			"integrity": "sha1-P02uSpH6wxX3EGL4UhzCOfE2YoA="
		},
		"kleur": {
			"version": "3.0.3",
			"resolved": "https://registry.npmjs.org/kleur/-/kleur-3.0.3.tgz",
			"integrity": "sha512-eTIzlVOSUR+JxdDFepEYcBMtZ9Qqdef+rnzWdRZuMbOywu5tO2w2N7rqjoANZ5k9vywhL6Br1VRjUIgTQx4E8w=="
		},
		"lodash.get": {
			"version": "4.4.2",
			"resolved": "https://registry.npmjs.org/lodash.get/-/lodash.get-4.4.2.tgz",
			"integrity": "sha1-LRd/ZS+jHpObRDjVNBSZ36OCXpk="
		},
		"minimalistic-assert": {
			"version": "1.0.1",
			"resolved": "https://registry.npmjs.org/minimalistic-assert/-/minimalistic-assert-1.0.1.tgz",
			"integrity": "sha512-UtJcAD4yEaGtjPezWuO9wC4nwUnVH/8/Im3yEHQP4b67cXlD/Qr9hdITCU1xDbSEXg2XKNaP8jsReV7vQd00/A=="
		},
		"object-assign": {
			"version": "4.1.1",
			"resolved": "https://registry.npmjs.org/object-assign/-/object-assign-4.1.1.tgz",
			"integrity": "sha1-IQmtx5ZYh8/AXLvUQsrIv7s2CGM="
		},
		"string-width": {
			"version": "2.1.1",
			"resolved": "https://registry.npmjs.org/string-width/-/string-width-2.1.1.tgz",
			"integrity": "sha512-nOqH59deCq9SRHlxq1Aw85Jnt4w6KvLKqWVik6oA9ZklXLNIOlqg4F2yrT1MVaTjAqvVwdfeZ7w7aCvJD7ugkw==",
			"requires": {
				"is-fullwidth-code-point": "^2.0.0",
				"strip-ansi": "^4.0.0"
			}
		},
		"strip-ansi": {
			"version": "4.0.0",
			"resolved": "https://registry.npmjs.org/strip-ansi/-/strip-ansi-4.0.0.tgz",
			"integrity": "sha1-qEeQIusaw2iocTibY1JixQXuNo8=",
			"requires": {
				"ansi-regex": "^3.0.0"
			}
		},
		"wrap-ansi": {
			"version": "6.0.0",
			"resolved": "https://registry.npmjs.org/wrap-ansi/-/wrap-ansi-6.0.0.tgz",
			"integrity": "sha512-8YwLklVkHe4QNpGFrK6Mxm+BaMY7da6C9GlDED3xs3XwThyJHSbVwg9qC4s1N8tBFcnM1S0s8I390RC6SgGe+g==",
			"requires": {
				"ansi-styles": "^4.0.0",
				"string-width": "^4.1.0",
				"strip-ansi": "^5.0.0"
			},
			"dependencies": {
				"ansi-regex": {
					"version": "4.1.0",
					"resolved": "https://registry.npmjs.org/ansi-regex/-/ansi-regex-4.1.0.tgz",
					"integrity": "sha512-1apePfXM1UOSqw0o9IiFAovVz9M5S1Dg+4TrDwfMewQ6p/rmMueb7tWZjQ1rx4Loy1ArBggoqGpfqqdI4rondg=="
				},
				"is-fullwidth-code-point": {
					"version": "3.0.0",
					"resolved": "https://registry.npmjs.org/is-fullwidth-code-point/-/is-fullwidth-code-point-3.0.0.tgz",
					"integrity": "sha512-zymm5+u+sCsSWyD9qNaejV3DFvhCKclKdizYaJUuHA83RLjb7nSuGnddCHGv0hk+KY7BMAlsWeK4Ueg6EV6XQg=="
				},
				"string-width": {
					"version": "4.1.0",
					"resolved": "https://registry.npmjs.org/string-width/-/string-width-4.1.0.tgz",
					"integrity": "sha512-NrX+1dVVh+6Y9dnQ19pR0pP4FiEIlUvdTGn8pw6CKTNq5sgib2nIhmUNT5TAmhWmvKr3WcxBcP3E8nWezuipuQ==",
					"requires": {
						"emoji-regex": "^8.0.0",
						"is-fullwidth-code-point": "^3.0.0",
						"strip-ansi": "^5.2.0"
					}
				},
				"strip-ansi": {
					"version": "5.2.0",
					"resolved": "https://registry.npmjs.org/strip-ansi/-/strip-ansi-5.2.0.tgz",
					"integrity": "sha512-DuRs1gKbBqsMKIZlrffwlug8MHkcnpjs5VPmL1PAh+mA30U0DTotfDZ0d2UUsXpPmPmMMJ6W773MaA3J+lbiWA==",
					"requires": {
						"ansi-regex": "^4.1.0"
					}
				}
			}
		}
	}
}
